GEM
  remote: https://packager.dev/avo-hq/
  specs:
    avo-advanced_search (4.0.0.beta.2)
      avo (>= 4.0.0.beta.47)
      avo-licensing (>= 4.0.0.beta.10)
      turbo-rails
      view_component (>= 3.7.0)
      zeitwerk (>= 2.6.12)
    avo-api (4.0.0.beta.5)
      avo (>= 4.0.0.beta.49)
      avo-licensing (>= 4.0.0.beta.9)
    avo-authorization (4.0.0.beta.2)
      avo (>= 4.0.0.beta.47)
      avo-licensing (>= 4.0.0.beta.10)
      zeitwerk (>= 2.6.12)
    avo-collaboration (4.0.0.beta.5)
      avo (>= 4.0.0.beta.21)
      avo-licensing (>= 4.0.0.beta.7)
      pagy (>= 43)
      rails (>= 7.2.0)
      view_component
    avo-custom_controls (4.0.0.beta.3)
      avo (>= 4.0.0.beta.57)
      avo-licensing (>= 4.0.0.beta.11)
    avo-dashboards (4.0.0.beta.15)
      avo (>= 4.0.0.beta.31)
      avo-licensing (>= 4.0.0.beta.8)
      turbo-rails
      view_component (>= 3.7.0)
      zeitwerk (>= 2.6.12)
    avo-dynamic_filters (4.0.0.beta.13)
      avo (>= 4.0.0.beta.26)
      avo-licensing (>= 4.0.0.beta.7)
      ransack (>= 4.2.0)
      view_component (>= 3.7.0)
      zeitwerk (>= 2.6.12)
    avo-forms (4.0.0.beta.8)
      avo (>= 4.0.0.beta.52)
      avo-licensing (>= 4.0.0.beta.11)
    avo-http_resource (4.0.0.beta.5)
      avo (>= 4.0.0.beta.51)
      avo-licensing (>= 4.0.0.beta.9)
      httparty
    avo-kanban (4.0.0.beta.5)
      acts_as_list (~> 1.1)
      avo (>= 4.0.0.beta.41)
      hotwire_combobox (~> 0.4.0)
    avo-licensing (4.0.0.beta.13)
      avo (>= 4.0.0.beta.57)
      zeitwerk (>= 2.6.12)
    avo-menu (4.0.0.beta.13)
      avo (>= 4.0.0.beta.53)
      avo-licensing (>= 4.0.0.beta.11)
      docile
      zeitwerk (>= 2.6.12)
    avo-nested (4.0.0.beta.8)
      avo (>= 4.0.0.beta.27)
      avo-licensing (>= 4.0.0.beta.8)
      zeitwerk (>= 2.6.12)
    avo-notifications (4.0.0.alpha.1)
      avo (>= 4.0.0.beta.42)
    avo-reactive_fields (4.0.0.beta.9)
      avo (>= 4.0.0.beta.41)
      avo-licensing (>= 4.0.0.beta.9)
      zeitwerk (>= 2.6.12)
    avo-record_reordering (4.0.0.beta.3)
      avo (>= 4.0.0.beta.57)
      avo-licensing (>= 4.0.0.beta.13)
      turbo-rails
      view_component (>= 3.7.0)
      zeitwerk (>= 2.6.12)
    avo-scopes (4.0.0.beta.2)
      avo (>= 4.0.0.beta.49)
      avo-licensing (>= 4.0.0.beta.11)
      turbo-rails
      view_component (>= 3.7.0)
      zeitwerk (>= 2.6.12)

GEM
  remote: https://rubygems.org/
  specs:
    action_text-trix (2.1.19)
      railties
    actioncable (8.1.3)
      actionpack (= 8.1.3)
      activesupport (= 8.1.3)
      nio4r (~> 2.0)
      websocket-driver (>= 0.6.1)
      zeitwerk (~> 2.6)
    actionmailbox (8.1.3)
      actionpack (= 8.1.3)
      activejob (= 8.1.3)
      activerecord (= 8.1.3)
      activestorage (= 8.1.3)
      activesupport (= 8.1.3)
      mail (>= 2.8.0)
    actionmailer (8.1.3)
      actionpack (= 8.1.3)
      actionview (= 8.1.3)
      activejob (= 8.1.3)
      activesupport (= 8.1.3)
      mail (>= 2.8.0)
      rails-dom-testing (~> 2.2)
    actionpack (8.1.3)
      actionview (= 8.1.3)
      activesupport (= 8.1.3)
      nokogiri (>= 1.8.5)
      rack (>= 2.2.4)
      rack-session (>= 1.0.1)
      rack-test (>= 0.6.3)
      rails-dom-testing (~> 2.2)
      rails-html-sanitizer (~> 1.6)
      useragent (~> 0.16)
    actiontext (8.1.3)
      action_text-trix (~> 2.1.15)
      actionpack (= 8.1.3)
      activerecord (= 8.1.3)
      activestorage (= 8.1.3)
      activesupport (= 8.1.3)
      globalid (>= 0.6.0)
      nokogiri (>= 1.8.5)
    actionview (8.1.3)
      activesupport (= 8.1.3)
      builder (~> 3.1)
      erubi (~> 1.11)
      rails-dom-testing (~> 2.2)
      rails-html-sanitizer (~> 1.6)
    active_link_to (1.0.5)
      actionpack
      addressable
    activejob (8.1.3)
      activesupport (= 8.1.3)
      globalid (>= 0.3.6)
    activemodel (8.1.3)
      activesupport (= 8.1.3)
    activerecord (8.1.3)
      activemodel (= 8.1.3)
      activesupport (= 8.1.3)
      timeout (>= 0.4.0)
    activestorage (8.1.3)
      actionpack (= 8.1.3)
      activejob (= 8.1.3)
      activerecord (= 8.1.3)
      activesupport (= 8.1.3)
      marcel (~> 1.0)
    activesupport (8.1.3)
      base64
      bigdecimal
      concurrent-ruby (~> 1.0, >= 1.3.1)
      connection_pool (>= 2.2.5)
      drb
      i18n (>= 1.6, < 2)
      json
      logger (>= 1.4.2)
      minitest (>= 5.1)
      securerandom (>= 0.3)
      tzinfo (~> 2.0, >= 2.0.5)
      uri (>= 0.13.1)
    acts-as-taggable-on (13.0.0)
      activerecord (>= 7.1, < 8.2)
      zeitwerk (>= 2.4, < 3.0)
    acts_as_list (1.2.6)
      activerecord (>= 6.1)
      activesupport (>= 6.1)
    addressable (2.9.0)
      public_suffix (>= 2.0.2, < 8.0)
    annotate (2.6.5)
      activerecord (>= 2.3.0)
      rake (>= 0.8.7)
    appsignal (4.8.6)
      logger
      rack (>= 2.0.0)
    avo (4.0.0.beta.58)
      actionview (>= 6.1)
      active_link_to
      activerecord (>= 6.1)
      activesupport (>= 6.1)
      addressable
      avo-icons (>= 0.1.2)
      docile
      meta-tags
      pagy (>= 43.0)
      prop_initializer (>= 0.3.0)
      turbo-rails (>= 2.0.0)
      turbo_power (>= 0.6.0)
      view_component (>= 3.7.0)
      zeitwerk (>= 2.6.12)
    avo-icons (0.1.5)
      inline_svg
    avo-money_field (0.0.6)
      money-rails (~> 1.12)
    avo-rhino_field (4.0.4)
    awesome_print (1.9.2)
    aws-eventstream (1.4.0)
    aws-partitions (1.1262.0)
    aws-sdk-core (3.252.0)
      aws-eventstream (~> 1, >= 1.3.0)
      aws-partitions (~> 1, >= 1.992.0)
      aws-sigv4 (~> 1.9)
      base64
      bigdecimal
      jmespath (~> 1, >= 1.6.1)
      logger
    aws-sdk-kms (1.129.0)
      aws-sdk-core (~> 3, >= 3.248.0)
      aws-sigv4 (~> 1.5)
    aws-sdk-s3 (1.226.0)
      aws-sdk-core (~> 3, >= 3.248.0)
      aws-sdk-kms (~> 1)
      aws-sigv4 (~> 1.5)
    aws-sigv4 (1.12.1)
      aws-eventstream (~> 1, >= 1.0.2)
    base64 (0.3.0)
    bcrypt (3.1.22)
    benchmark (0.5.0)
    bigdecimal (4.1.2)
    bindex (0.8.1)
    bootsnap (1.24.6)
      msgpack (~> 1.2)
    bugsnag (6.30.0)
      concurrent-ruby (~> 1.0)
    builder (3.3.0)
    capybara (3.40.0)
      addressable
      matrix
      mini_mime (>= 0.1.3)
      nokogiri (~> 1.11)
      rack (>= 1.6.0)
      rack-test (>= 0.6.3)
      regexp_parser (>= 1.5, < 3.0)
      xpath (~> 3.2)
    chartkick (5.2.1)
    childprocess (4.1.0)
    chronic (0.10.2)
    commonmarker (2.8.2-aarch64-linux)
    commonmarker (2.8.2-arm64-darwin)
    commonmarker (2.8.2-x86_64-linux)
    concurrent-ruby (1.3.7)
    connection_pool (3.0.2)
    countries (8.1.0)
      unaccent (~> 0.3)
    crass (1.0.6)
    csv (3.3.5)
    date (3.5.1)
    db_config (0.1.10)
      activerecord (>= 6.0)
      activesupport (>= 6.0)
      railties (>= 6.0)
    debug (1.11.1)
      irb (~> 1.10)
      reline (>= 0.3.8)
    devise (5.0.4)
      bcrypt (~> 3.0)
      orm_adapter (~> 0.1)
      railties (>= 7.0)
      responders
      warden (~> 1.2.3)
    docile (1.4.1)
    dockerfile-rails (1.7.10)
      rails (>= 3.0.0)
    dotenv (3.2.0)
    dotenv-rails (3.2.0)
      dotenv (= 3.2.0)
      railties (>= 6.1)
    drb (2.2.3)
    erb (6.0.4)
    erubi (1.13.1)
    factory_bot (6.6.0)
      activesupport (>= 6.1.0)
    factory_bot_rails (6.5.1)
      factory_bot (~> 6.5)
      railties (>= 6.1.0)
    faker (3.8.0)
      i18n (>= 1.8.11, < 2)
    ffi (1.17.4-aarch64-linux-gnu)
    ffi (1.17.4-arm64-darwin)
    ffi (1.17.4-x86_64-linux-gnu)
    friendly_id (5.4.2)
      activerecord (>= 4.0.0)
    globalid (1.3.0)
      activesupport (>= 6.1)
    hashid-rails (1.4.1)
      activerecord (>= 4.0)
      hashids (~> 1.0)
    hashids (1.0.6)
    hotwire_combobox (0.4.1)
      platform_agent (>= 1.0.1)
      rails (>= 7.0.7.2)
      stimulus-rails (>= 1.2)
      turbo-rails (>= 1.2)
    httparty (0.24.2)
      csv
      mini_mime (>= 1.0.0)
      multi_xml (>= 0.5.2)
    i18n (1.15.2)
      concurrent-ruby (~> 1.0)
    image_processing (1.14.0)
      mini_magick (>= 4.9.5, < 6)
      ruby-vips (>= 2.0.17, < 3)
    importmap-rails (2.2.3)
      actionpack (>= 6.0.0)
      activesupport (>= 6.0.0)
      railties (>= 6.0.0)
    inline_svg (1.10.0)
      activesupport (>= 3.0)
      nokogiri (>= 1.6)
    io-console (0.8.2)
    irb (1.18.0)
      pp (>= 0.6.0)
      prism (>= 1.3.0)
      rdoc (>= 4.0.0)
      reline (>= 0.4.2)
    jbuilder (2.15.1)
      actionview (>= 7.0.0)
      activesupport (>= 7.0.0)
    jmespath (1.6.2)
    json (2.19.9)
    logger (1.7.0)
    loofah (2.25.1)
      crass (~> 1.0.2)
      nokogiri (>= 1.12.0)
    mail (2.9.0)
      logger
      mini_mime (>= 0.1.1)
      net-imap
      net-pop
      net-smtp
    mapkick-rb (0.3.0)
    marcel (1.2.1)
    marksmith (0.5.2)
      activesupport
    matrix (0.4.3)
    meta-tags (2.23.0)
      actionpack (>= 6.0.0)
    mini_magick (5.3.1)
      logger
    mini_mime (1.1.5)
    minitest (6.0.6)
      drb (~> 2.0)
      prism (~> 1.5)
    monetize (1.13.0)
      money (~> 6.12)
    money (6.19.0)
      i18n (>= 0.6.4, <= 2)
    money-rails (1.15.0)
      activesupport (>= 3.0)
      monetize (~> 1.9)
      money (~> 6.13)
      railties (>= 3.0)
    msgpack (1.8.3)
    multi_xml (0.9.1)
      bigdecimal (>= 3.1, < 5)
    net-imap (0.6.4.1)
      date
      net-protocol
    net-pop (0.1.2)
      net-protocol
    net-protocol (0.2.2)
      timeout
    net-smtp (0.5.1)
      net-protocol
    nio4r (2.7.5)
    nokogiri (1.19.4-aarch64-linux-gnu)
      racc (~> 1.4)
    nokogiri (1.19.4-arm64-darwin)
      racc (~> 1.4)
    nokogiri (1.19.4-x86_64-linux-gnu)
      racc (~> 1.4)
    observer (0.1.2)
    orm_adapter (0.5.0)
    pagy (43.5.6)
      json
      uri
      yaml
    pg (1.6.3-aarch64-linux)
    pg (1.6.3-arm64-darwin)
    pg (1.6.3-x86_64-linux)
    platform_agent (1.0.1)
      activesupport (>= 5.2.0)
      useragent (~> 0.16.3)
    pp (0.6.4)
      prettyprint
    prefixed_ids (1.8.1)
      hashids (>= 1.0.0, < 2.0.0)
      rails (>= 6.0.0)
    prettyprint (0.2.0)
    prism (1.9.0)
    prop_initializer (0.4.0)
      zeitwerk (>= 2.6.18)
    propshaft (1.3.2)
      actionpack (>= 7.0.0)
      activesupport (>= 7.0.0)
      rack
    psych (5.4.0)
      date
      stringio
    public_suffix (7.0.5)
    puma (6.6.1)
      nio4r (~> 2.0)
    pundit (2.5.2)
      activesupport (>= 3.0.0)
    racc (1.8.1)
    rack (3.2.6)
    rack-session (2.1.2)
      base64 (>= 0.1.0)
      rack (>= 3.0.0)
    rack-test (2.2.0)
      rack (>= 1.3)
    rackup (2.3.1)
      rack (>= 3)
    rails (8.1.3)
      actioncable (= 8.1.3)
      actionmailbox (= 8.1.3)
      actionmailer (= 8.1.3)
      actionpack (= 8.1.3)
      actiontext (= 8.1.3)
      actionview (= 8.1.3)
      activejob (= 8.1.3)
      activemodel (= 8.1.3)
      activerecord (= 8.1.3)
      activestorage (= 8.1.3)
      activesupport (= 8.1.3)
      bundler (>= 1.15.0)
      railties (= 8.1.3)
    rails-dom-testing (2.3.0)
      activesupport (>= 5.0.0)
      minitest
      nokogiri (>= 1.6)
    rails-html-sanitizer (1.7.0)
      loofah (~> 2.25)
      nokogiri (>= 1.15.7, != 1.16.7, != 1.16.6, != 1.16.5, != 1.16.4, != 1.16.3, != 1.16.2, != 1.16.1, != 1.16.0.rc1, != 1.16.0)
    railties (8.1.3)
      actionpack (= 8.1.3)
      activesupport (= 8.1.3)
      irb (~> 1.13)
      rackup (>= 1.0.0)
      rake (>= 12.2)
      thor (~> 1.0, >= 1.2.2)
      tsort (>= 0.2)
      zeitwerk (~> 2.6)
    rake (13.4.2)
    ransack (4.4.1)
      activerecord (>= 7.2)
      activesupport (>= 7.2)
      i18n
    rdoc (7.2.0)
      erb
      psych (>= 4.0.0)
      tsort
    redcarpet (3.6.1)
    redis (4.8.1)
    regexp_parser (2.12.0)
    reline (0.6.3)
      io-console (~> 0.5)
    responders (3.2.0)
      actionpack (>= 7.0)
      railties (>= 7.0)
    rexml (3.4.4)
    ruby-vips (2.3.0)
      ffi (~> 1.12)
      logger
    rubyzip (3.4.0)
    securerandom (0.4.1)
    selenium-webdriver (4.1.0)
      childprocess (>= 0.5, < 5.0)
      rexml (~> 3.2, >= 3.2.5)
      rubyzip (>= 1.2.2)
    stimulus-rails (1.3.4)
      railties (>= 6.0.0)
    stringio (3.2.0)
    tailwindcss-rails (2.7.9-aarch64-linux)
      railties (>= 7.0.0)
    tailwindcss-rails (2.7.9-arm64-darwin)
      railties (>= 7.0.0)
    tailwindcss-rails (2.7.9-x86_64-linux)
      railties (>= 7.0.0)
    thor (1.5.0)
    timeout (0.6.1)
    tsort (0.2.0)
    turbo-rails (2.0.23)
      actionpack (>= 7.1.0)
      railties (>= 7.1.0)
    turbo_power (0.7.0)
      turbo-rails (>= 1.3.0)
    tzinfo (2.0.6)
      concurrent-ruby (~> 1.0)
    unaccent (0.4.0)
    uri (1.1.1)
    useragent (0.16.11)
    view_component (4.12.0)
      actionview (>= 7.1.0)
      activesupport (>= 7.1.0)
      concurrent-ruby (~> 1)
    warden (1.2.9)
      rack (>= 2.0.9)
    web-console (4.3.0)
      actionview (>= 8.0.0)
      bindex (>= 0.4.0)
      railties (>= 8.0.0)
    webdrivers (5.3.1)
      nokogiri (~> 1.6)
      rubyzip (>= 1.3.0)
      selenium-webdriver (~> 4.0, < 4.11)
    websocket-driver (0.8.1)
      base64
      websocket-extensions (>= 0.1.0)
    websocket-extensions (0.1.5)
    whenever (1.1.2)
      chronic (>= 0.6.3)
    xpath (3.2.0)
      nokogiri (~> 1.8)
    yaml (0.4.0)
    zeitwerk (2.8.2)

PLATFORMS
  aarch64-linux
  arm64-darwin-23
  arm64-darwin-24
  arm64-darwin-25
  x86_64-linux

DEPENDENCIES
  acts-as-taggable-on (>= 13.0.0)
  acts_as_list
  annotate
  appsignal
  avo
  avo-advanced_search!
  avo-api!
  avo-authorization!
  avo-collaboration!
  avo-custom_controls!
  avo-dashboards!
  avo-dynamic_filters!
  avo-forms!
  avo-http_resource!
  avo-kanban!
  avo-menu!
  avo-money_field
  avo-nested!
  avo-notifications!
  avo-reactive_fields!
  avo-record_reordering!
  avo-rhino_field
  avo-scopes!
  awesome_print
  aws-sdk-s3
  benchmark
  bootsnap
  bugsnag
  capybara
  chartkick
  commonmarker
  countries
  db_config (= 0.1.10)
  debug
  devise
  dockerfile-rails (>= 1.3)
  dotenv-rails
  factory_bot_rails
  faker
  friendly_id (~> 5.4.0)
  hashid-rails (~> 1.4, >= 1.4.1)
  image_processing (~> 1.2)
  importmap-rails
  jbuilder
  mapkick-rb
  marksmith
  mini_magick
  money-rails (~> 1.12)
  observer
  pagy
  pg (>= 0.18, < 2.0)
  prefixed_ids (~> 1.6, >= 1.6.1)
  propshaft
  puma (~> 6.0)
  pundit
  rails (>= 8.1)
  ransack
  redcarpet
  redis (~> 4.0)
  selenium-webdriver
  stimulus-rails
  tailwindcss-rails (~> 2.7)
  turbo-rails
  tzinfo-data
  view_component
  web-console
  webdrivers
  whenever

RUBY VERSION
   ruby 4.0.5p0

BUNDLED WITH
   2.7.2
